
Microsoft Visual Studio Solution File, Format Version 12.00
# Visual Studio Version 17
VisualStudioVersion = 17.10.35013.160
MinimumVisualStudioVersion = 10.0.40219.1
Project("{FAE04EC0-301F-11D3-BF4B-00C04F79EFBC}") = "CyberMind_API", "CyberMind_API.csproj", "{F158493F-A09D-4D70-A3CF-A38EE09AD92B}"
EndProject
Global
	GlobalSection(SolutionConfigurationPlatforms) = preSolution
		Debug|Any CPU = Debug|Any CPU
		Release|Any CPU = Release|Any CPU
	EndGlobalSection
	GlobalSection(ProjectConfigurationPlatforms) = postSolution
		{F158493F-A09D-4D70-A3CF-A38EE09AD92B}.Debug|Any CPU.ActiveCfg = Debug|Any CPU
		{F158493F-A09D-4D70-A3CF-A38EE09AD92B}.Debug|Any CPU.Build.0 = Debug|Any CPU
		{F158493F-A09D-4D70-A3CF-A38EE09AD92B}.Release|Any CPU.ActiveCfg = Release|Any CPU
		{F158493F-A09D-4D70-A3CF-A38EE09AD92B}.Release|Any CPU.Build.0 = Release|Any CPU
	EndGlobalSection
	GlobalSection(SolutionProperties) = preSolution
		HideSolutionNode = FALSE
	EndGlobalSection
	GlobalSection(ExtensibilityGlobals) = postSolution
		SolutionGuid = {2DD7DBA0-B36A-4D89-AD94-5FB2876F45A9}
	EndGlobalSection
EndGlobal
